
Microsoft Visual Studio Solution File, Format Version 12.00
# Visual Studio Version 17
VisualStudioVersion = 17.2.32519.379
MinimumVisualStudioVersion = 10.0.40219.1
Project("{9A19103F-16F7-4668-BE54-9A1E7A4F7556}") = "Attendance_Monitoring", "COMPUTER_LABORATORY_ROOMS_ATTENDANCE_MONITORING SYSTEM\Attendance_Monitoring.csproj", "{D711373B-6742-4809-B4AB-810EA9EA58F3}"
EndProject
Project("{FAE04EC0-301F-11D3-BF4B-00C04F79EFBC}") = "WindowsFormsApp1", "WindowsFormsApp1\WindowsFormsApp1.csproj", "{EEC5224C-280E-4008-9B58-0745BDC8EF50}"
EndProject
Global
	GlobalSection(SolutionConfigurationPlatforms) = preSolution
		Debug|Any CPU = Debug|Any CPU
		Release|Any CPU = Release|Any CPU
	EndGlobalSection
	GlobalSection(ProjectConfigurationPlatforms) = postSolution
		{D711373B-6742-4809-B4AB-810EA9EA58F3}.Debug|Any CPU.ActiveCfg = Debug|Any CPU
		{D711373B-6742-4809-B4AB-810EA9EA58F3}.Debug|Any CPU.Build.0 = Debug|Any CPU
		{D711373B-6742-4809-B4AB-810EA9EA58F3}.Release|Any CPU.ActiveCfg = Release|Any CPU
		{D711373B-6742-4809-B4AB-810EA9EA58F3}.Release|Any CPU.Build.0 = Release|Any CPU
		{EEC5224C-280E-4008-9B58-0745BDC8EF50}.Debug|Any CPU.ActiveCfg = Debug|Any CPU
		{EEC5224C-280E-4008-9B58-0745BDC8EF50}.Debug|Any CPU.Build.0 = Debug|Any CPU
		{EEC5224C-280E-4008-9B58-0745BDC8EF50}.Release|Any CPU.ActiveCfg = Release|Any CPU
		{EEC5224C-280E-4008-9B58-0745BDC8EF50}.Release|Any CPU.Build.0 = Release|Any CPU
	EndGlobalSection
	GlobalSection(SolutionProperties) = preSolution
		HideSolutionNode = FALSE
	EndGlobalSection
	GlobalSection(ExtensibilityGlobals) = postSolution
		SolutionGuid = {05C44A5E-B789-430F-8AB0-6779A62DD678}
	EndGlobalSection
EndGlobal
